{
  "version": 4,
  "terraform_version": "1.8.3",
  "serial": 9,
  "lineage": "32ada5f9-e433-4b07-960a-944b8b40f4d9",
  "outputs": {},
  "resources": [
    {
      "mode": "data",
      "type": "google_iam_policy",
      "name": "noauth",
      "provider": "provider[\"registry.terraform.io/hashicorp/google\"]",
      "instances": [
        {
          "schema_version": 0,
          "attributes": {
            "audit_config": null,
            "binding": [
              {
                "condition": [],
                "members": [
                  "allUsers"
                ],
                "role": "roles/run.invoker"
              }
            ],
            "id": "3450855414",
            "policy_data": "{\"bindings\":[{\"members\":[\"allUsers\"],\"role\":\"roles/run.invoker\"}]}"
          },
          "sensitive_attributes": []
        }
      ]
    },
    {
      "mode": "managed",
      "type": "google_sql_database",
      "name": "db",
      "provider": "provider[\"registry.terraform.io/hashicorp/google\"]",
      "instances": [
        {
          "schema_version": 0,
          "attributes": {
            "charset": "utf8",
            "collation": "utf8_general_ci",
            "deletion_policy": "DELETE",
            "id": "projects/positive-nuance-430214-r6/instances/devops-mysql/databases/mysqldatabase",
            "instance": "devops-mysql",
            "name": "mysqldatabase",
            "project": "positive-nuance-430214-r6",
            "self_link": "https://sqladmin.googleapis.com/sql/v1beta4/projects/positive-nuance-430214-r6/instances/devops-mysql/databases/mysqldatabase",
            "timeouts": null
          },
          "sensitive_attributes": [],
          "private": "eyJlMmJmYjczMC1lY2FhLTExZTYtOGY4OC0zNDM2M2JjN2M0YzAiOnsiY3JlYXRlIjoxMjAwMDAwMDAwMDAwLCJkZWxldGUiOjEyMDAwMDAwMDAwMDAsInVwZGF0ZSI6MTIwMDAwMDAwMDAwMH19",
          "dependencies": [
            "google_sql_database_instance.instance"
          ]
        }
      ]
    },
    {
      "mode": "managed",
      "type": "google_sql_database_instance",
      "name": "instance",
      "provider": "provider[\"registry.terraform.io/hashicorp/google\"]",
      "instances": [
        {
          "schema_version": 0,
          "attributes": {
            "available_maintenance_versions": [],
            "clone": [],
            "connection_name": "positive-nuance-430214-r6:us-central1:devops-mysql",
            "database_version": "MYSQL_5_7",
            "deletion_protection": false,
            "dns_name": "",
            "encryption_key_name": null,
            "first_ip_address": "34.122.6.139",
            "id": "devops-mysql",
            "instance_type": "CLOUD_SQL_INSTANCE",
            "ip_address": [
              {
                "ip_address": "34.122.6.139",
                "time_to_retire": "",
                "type": "PRIMARY"
              }
            ],
            "maintenance_version": "MYSQL_5_7_44.R20240527.01_00",
            "master_instance_name": "",
            "name": "devops-mysql",
            "private_ip_address": "",
            "project": "positive-nuance-430214-r6",
            "psc_service_attachment_link": "",
            "public_ip_address": "34.122.6.139",
            "region": "us-central1",
            "replica_configuration": [],
            "restore_backup_context": [],
            "root_password": null,
            "self_link": "https://sqladmin.googleapis.com/sql/v1beta4/projects/positive-nuance-430214-r6/instances/devops-mysql",
            "server_ca_cert": [
              {
                "cert": "-----BEGIN CERTIFICATE-----\nMIIDfzCCAmegAwIBAgIBADANBgkqhkiG9w0BAQsFADB3MS0wKwYDVQQuEyQwYmY0\nZDVmMi03NDE1LTQxNTEtYThmOS0wZTI5YjVlN2Y0ZmMxIzAhBgNVBAMTGkdvb2ds\nZSBDbG91ZCBTUUwgU2VydmVyIENBMRQwEgYDVQQKEwtHb29nbGUsIEluYzELMAkG\nA1UEBhMCVVMwHhcNMjQwNzIyMTU1ODAwWhcNMzQwNzIwMTU1OTAwWjB3MS0wKwYD\nVQQuEyQwYmY0ZDVmMi03NDE1LTQxNTEtYThmOS0wZTI5YjVlN2Y0ZmMxIzAhBgNV\nBAMTGkdvb2dsZSBDbG91ZCBTUUwgU2VydmVyIENBMRQwEgYDVQQKEwtHb29nbGUs\nIEluYzELMAkGA1UEBhMCVVMwggEiMA0GCSqGSIb3DQEBAQUAA4IBDwAwggEKAoIB\nAQCegQoNCwlowb0qwvTDNzmvq0ObXUugZEzj+3YZ7TjvoZWhKCLMTtBcrIj4LadH\n7jkfVfqqBqLsbylVcTsSP8hCvcihtrjDbdgW2x7iYoQd7w7QSlLnYVFAOun0faXb\nmwzHOsToUVBn8WhitEMTlRIjExF4l7/nv6ut+piGx2pGi0d6+8mmQCJjCeBsZeeU\nPVsqg8wiTxriP2ekY/UQaaHUgdWGYQbY67aJelAwTb6iTpZqYIc4jG/MfAhg4Jzf\nOtZeevYUrAcT1RZmTtCofwkJRrrwWtv+28YWsmLsCaiEcwD7Fl2QlIrEinSUagnZ\nGb0jdVLXv80E6lkzvnLsmb9VAgMBAAGjFjAUMBIGA1UdEwEB/wQIMAYBAf8CAQAw\nDQYJKoZIhvcNAQELBQADggEBACT3Udw798RAoCCrT/SSVE6BYYaKnAZJ7xy1lb5l\n6NYMh6rJbVbckIUvrGvZIjdr03FGS9zX+ZIRG9TmAZpq5Rm0hioq6KYTbteu6o/2\noL8qzFafOp7HCzGIFXycl5ha0KtScgYiZqFczKL1JBf/MaRGrbWwdMQIUlGfSPGG\nCrqIN4+Vo2rL/wKhbARd/dXYypF4YnFT3y9gdZ4AoF0XPIsyhUD6xnW38Ryk2ZsB\nAFuzWhKY/gu96ccMiyBPafowCSfZgAQi+SOD29t3diYq16AOIXE3vtyUnPOn1lBs\nHJSwBNQixf+fb8MGDG2/LJOb5zTy2Ecj407FUdbSnvwXe4s=\n-----END CERTIFICATE-----",
                "common_name": "C=US,O=Google\\, Inc,CN=Google Cloud SQL Server CA,dnQualifier=0bf4d5f2-7415-4151-a8f9-0e29b5e7f4fc",
                "create_time": "2024-07-22T15:58:00.506Z",
                "expiration_time": "2034-07-20T15:59:00.506Z",
                "sha1_fingerprint": "8262b80eebad80ec0f174e05ff90337e31552a8a"
              }
            ],
            "service_account_email_address": "p35779120968-9hzb7w@gcp-sa-cloud-sql.iam.gserviceaccount.com",
            "settings": [
              {
                "activation_policy": "ALWAYS",
                "active_directory_config": [],
                "advanced_machine_features": [],
                "availability_type": "ZONAL",
                "backup_configuration": [
                  {
                    "backup_retention_settings": [
                      {
                        "retained_backups": 7,
                        "retention_unit": "COUNT"
                      }
                    ],
                    "binary_log_enabled": false,
                    "enabled": false,
                    "location": "",
                    "point_in_time_recovery_enabled": false,
                    "start_time": "09:00",
                    "transaction_log_retention_days": 7
                  }
                ],
                "collation": "",
                "connector_enforcement": "NOT_REQUIRED",
                "data_cache_config": [],
                "database_flags": [],
                "deletion_protection_enabled": false,
                "deny_maintenance_period": [],
                "disk_autoresize": true,
                "disk_autoresize_limit": 0,
                "disk_size": 10,
                "disk_type": "PD_SSD",
                "edition": "ENTERPRISE",
                "enable_google_ml_integration": false,
                "insights_config": [],
                "ip_configuration": [
                  {
                    "allocated_ip_range": "",
                    "authorized_networks": [],
                    "enable_private_path_for_google_cloud_services": false,
                    "ipv4_enabled": true,
                    "private_network": "",
                    "psc_config": [],
                    "require_ssl": false,
                    "ssl_mode": ""
                  }
                ],
                "location_preference": [
                  {
                    "follow_gae_application": "",
                    "secondary_zone": "",
                    "zone": "us-central1-f"
                  }
                ],
                "maintenance_window": [],
                "password_validation_policy": [],
                "pricing_plan": "PER_USE",
                "sql_server_audit_config": [],
                "tier": "db-f1-micro",
                "time_zone": "",
                "user_labels": {},
                "version": 1
              }
            ],
            "timeouts": null
          },
          "sensitive_attributes": [
            [
              {
                "type": "get_attr",
                "value": "root_password"
              }
            ],
            [
              {
                "type": "get_attr",
                "value": "server_ca_cert"
              }
            ]
          ],
          "private": "eyJlMmJmYjczMC1lY2FhLTExZTYtOGY4OC0zNDM2M2JjN2M0YzAiOnsiY3JlYXRlIjo1NDAwMDAwMDAwMDAwLCJkZWxldGUiOjU0MDAwMDAwMDAwMDAsInVwZGF0ZSI6NTQwMDAwMDAwMDAwMH19"
        }
      ]
    },
    {
      "mode": "managed",
      "type": "google_sql_user",
      "name": "user",
      "provider": "provider[\"registry.terraform.io/hashicorp/google\"]",
      "instances": [
        {
          "schema_version": 1,
          "attributes": {
            "deletion_policy": null,
            "host": "",
            "id": "ebenkajoel//devops-mysql",
            "instance": "devops-mysql",
            "name": "ebenkajoel",
            "password": "Root@123",
            "password_policy": [],
            "project": "positive-nuance-430214-r6",
            "sql_server_user_details": [],
            "timeouts": null,
            "type": ""
          },
          "sensitive_attributes": [
            [
              {
                "type": "get_attr",
                "value": "password"
              }
            ]
          ],
          "private": "eyJlMmJmYjczMC1lY2FhLTExZTYtOGY4OC0zNDM2M2JjN2M0YzAiOnsiY3JlYXRlIjo2MDAwMDAwMDAwMDAsImRlbGV0ZSI6NjAwMDAwMDAwMDAwLCJ1cGRhdGUiOjYwMDAwMDAwMDAwMH0sInNjaGVtYV92ZXJzaW9uIjoiMSJ9",
          "dependencies": [
            "google_sql_database_instance.instance"
          ]
        }
      ]
    }
  ],
  "check_results": null
}
